
Microsoft Visual Studio Solution File, Format Version 12.00
# Visual Studio Version 17
VisualStudioVersion = 17.5.002.0
MinimumVisualStudioVersion = 10.0.40219.1
Project("{9A19103F-16F7-4668-BE54-9A1E7A4F7556}") = "BouvetBackend", "BouvetBackend.csproj", "{C4CC85BD-1359-4C04-83BD-D44C6B88941B}"
EndProject
Project("{FAE04EC0-301F-11D3-BF4B-00C04F79EFBC}") = "BouvetBackend.Tests", "..\BouvetBackend.Tests\BouvetBackend.Tests.csproj", "{C7FD67C3-C9C6-4A23-A880-A65514293D9D}"
EndProject
Global
	GlobalSection(SolutionConfigurationPlatforms) = preSolution
		Debug|Any CPU = Debug|Any CPU
		Release|Any CPU = Release|Any CPU
	EndGlobalSection
	GlobalSection(ProjectConfigurationPlatforms) = postSolution
		{C4CC85BD-1359-4C04-83BD-D44C6B88941B}.Debug|Any CPU.ActiveCfg = Debug|Any CPU
		{C4CC85BD-1359-4C04-83BD-D44C6B88941B}.Debug|Any CPU.Build.0 = Debug|Any CPU
		{C4CC85BD-1359-4C04-83BD-D44C6B88941B}.Release|Any CPU.ActiveCfg = Release|Any CPU
		{C4CC85BD-1359-4C04-83BD-D44C6B88941B}.Release|Any CPU.Build.0 = Release|Any CPU
		{C7FD67C3-C9C6-4A23-A880-A65514293D9D}.Debug|Any CPU.ActiveCfg = Debug|Any CPU
		{C7FD67C3-C9C6-4A23-A880-A65514293D9D}.Debug|Any CPU.Build.0 = Debug|Any CPU
		{C7FD67C3-C9C6-4A23-A880-A65514293D9D}.Release|Any CPU.ActiveCfg = Release|Any CPU
		{C7FD67C3-C9C6-4A23-A880-A65514293D9D}.Release|Any CPU.Build.0 = Release|Any CPU
	EndGlobalSection
	GlobalSection(SolutionProperties) = preSolution
		HideSolutionNode = FALSE
	EndGlobalSection
	GlobalSection(ExtensibilityGlobals) = postSolution
		SolutionGuid = {27682D46-ACD2-49DE-94A1-6BA57D27767D}
	EndGlobalSection
EndGlobal
